
Microsoft Visual Studio Solution File, Format Version 12.00
# Visual Studio Version 17
VisualStudioVersion = 17.9.34616.47
MinimumVisualStudioVersion = 10.0.40219.1
Project("{9A19103F-16F7-4668-BE54-9A1E7A4F7556}") = "RoomBookingApp.Core.Tests", "RoomBookingApp.Core.Tests\RoomBookingApp.Core.Tests.csproj", "{7A1B7059-7363-421C-B061-7B78496DB74F}"
EndProject
Project("{9A19103F-16F7-4668-BE54-9A1E7A4F7556}") = "RoomBookingApp.Core", "RoomBookingApp.Core\RoomBookingApp.Core.csproj", "{CCCA698C-FFCB-47ED-AA33-784C45FF49E8}"
EndProject
Project("{FAE04EC0-301F-11D3-BF4B-00C04F79EFBC}") = "RoomBookingApp.Domain", "RoomBookingApp.Domain\RoomBookingApp.Domain.csproj", "{ABF201C5-C191-4DAB-8A8A-054075BC67EE}"
EndProject
Project("{FAE04EC0-301F-11D3-BF4B-00C04F79EFBC}") = "RoomBookingApp.Persistance", "RoomBookingApp.Persistance\RoomBookingApp.Persistance.csproj", "{5F4CC5F9-9023-4629-83E1-ACE4FB518398}"
EndProject
Project("{FAE04EC0-301F-11D3-BF4B-00C04F79EFBC}") = "RoomBookingApp.Persistance.Tests", "RoomBookingApp.Persistance.Tests\RoomBookingApp.Persistance.Tests.csproj", "{FE49BE7F-6215-4BB8-BD25-BDE945A7562E}"
EndProject
Project("{FAE04EC0-301F-11D3-BF4B-00C04F79EFBC}") = "RoomBookingApp.Api", "RoomBookingApp.Api\RoomBookingApp.Api.csproj", "{6DFAF7BE-831B-4458-A6F4-18A83780BF33}"
EndProject
Project("{FAE04EC0-301F-11D3-BF4B-00C04F79EFBC}") = "RoomBookingApp.Api.Tests", "RoomBookingApp.Api.Tests\RoomBookingApp.Api.Tests.csproj", "{0FAA62A5-0B33-4148-A1DF-82082EFE251E}"
EndProject
Global
	GlobalSection(SolutionConfigurationPlatforms) = preSolution
		Debug|Any CPU = Debug|Any CPU
		Release|Any CPU = Release|Any CPU
	EndGlobalSection
	GlobalSection(ProjectConfigurationPlatforms) = postSolution
		{7A1B7059-7363-421C-B061-7B78496DB74F}.Debug|Any CPU.ActiveCfg = Debug|Any CPU
		{7A1B7059-7363-421C-B061-7B78496DB74F}.Debug|Any CPU.Build.0 = Debug|Any CPU
		{7A1B7059-7363-421C-B061-7B78496DB74F}.Release|Any CPU.ActiveCfg = Release|Any CPU
		{7A1B7059-7363-421C-B061-7B78496DB74F}.Release|Any CPU.Build.0 = Release|Any CPU
		{CCCA698C-FFCB-47ED-AA33-784C45FF49E8}.Debug|Any CPU.ActiveCfg = Debug|Any CPU
		{CCCA698C-FFCB-47ED-AA33-784C45FF49E8}.Debug|Any CPU.Build.0 = Debug|Any CPU
		{CCCA698C-FFCB-47ED-AA33-784C45FF49E8}.Release|Any CPU.ActiveCfg = Release|Any CPU
		{CCCA698C-FFCB-47ED-AA33-784C45FF49E8}.Release|Any CPU.Build.0 = Release|Any CPU
		{ABF201C5-C191-4DAB-8A8A-054075BC67EE}.Debug|Any CPU.ActiveCfg = Debug|Any CPU
		{ABF201C5-C191-4DAB-8A8A-054075BC67EE}.Debug|Any CPU.Build.0 = Debug|Any CPU
		{ABF201C5-C191-4DAB-8A8A-054075BC67EE}.Release|Any CPU.ActiveCfg = Release|Any CPU
		{ABF201C5-C191-4DAB-8A8A-054075BC67EE}.Release|Any CPU.Build.0 = Release|Any CPU
		{5F4CC5F9-9023-4629-83E1-ACE4FB518398}.Debug|Any CPU.ActiveCfg = Debug|Any CPU
		{5F4CC5F9-9023-4629-83E1-ACE4FB518398}.Debug|Any CPU.Build.0 = Debug|Any CPU
		{5F4CC5F9-9023-4629-83E1-ACE4FB518398}.Release|Any CPU.ActiveCfg = Release|Any CPU
		{5F4CC5F9-9023-4629-83E1-ACE4FB518398}.Release|Any CPU.Build.0 = Release|Any CPU
		{FE49BE7F-6215-4BB8-BD25-BDE945A7562E}.Debug|Any CPU.ActiveCfg = Debug|Any CPU
		{FE49BE7F-6215-4BB8-BD25-BDE945A7562E}.Debug|Any CPU.Build.0 = Debug|Any CPU
		{FE49BE7F-6215-4BB8-BD25-BDE945A7562E}.Release|Any CPU.ActiveCfg = Release|Any CPU
		{FE49BE7F-6215-4BB8-BD25-BDE945A7562E}.Release|Any CPU.Build.0 = Release|Any CPU
		{6DFAF7BE-831B-4458-A6F4-18A83780BF33}.Debug|Any CPU.ActiveCfg = Debug|Any CPU
		{6DFAF7BE-831B-4458-A6F4-18A83780BF33}.Debug|Any CPU.Build.0 = Debug|Any CPU
		{6DFAF7BE-831B-4458-A6F4-18A83780BF33}.Release|Any CPU.ActiveCfg = Release|Any CPU
		{6DFAF7BE-831B-4458-A6F4-18A83780BF33}.Release|Any CPU.Build.0 = Release|Any CPU
		{0FAA62A5-0B33-4148-A1DF-82082EFE251E}.Debug|Any CPU.ActiveCfg = Debug|Any CPU
		{0FAA62A5-0B33-4148-A1DF-82082EFE251E}.Debug|Any CPU.Build.0 = Debug|Any CPU
		{0FAA62A5-0B33-4148-A1DF-82082EFE251E}.Release|Any CPU.ActiveCfg = Release|Any CPU
		{0FAA62A5-0B33-4148-A1DF-82082EFE251E}.Release|Any CPU.Build.0 = Release|Any CPU
	EndGlobalSection
	GlobalSection(SolutionProperties) = preSolution
		HideSolutionNode = FALSE
	EndGlobalSection
	GlobalSection(ExtensibilityGlobals) = postSolution
		SolutionGuid = {21C625D8-38EB-4A52-B5F3-489C3064C748}
	EndGlobalSection
EndGlobal
